
Microsoft Visual Studio Solution File, Format Version 12.00
# Visual Studio 2013
Project("{FAE04EC0-301F-11D3-BF4B-00C04F79EFBC}") = "UnityVS.BeforeLegends.CSharp.Plugins", "UnityVS.BeforeLegends.CSharp.Plugins.csproj", "{633C9E67-6C09-24DF-2ED2-90276471EA62}"
EndProject
Project("{FAE04EC0-301F-11D3-BF4B-00C04F79EFBC}") = "UnityVS.BeforeLegends.CSharp", "UnityVS.BeforeLegends.CSharp.csproj", "{E4BDB8BA-05EF-8ED2-004B-06B1103D0039}"
EndProject
Project("{FAE04EC0-301F-11D3-BF4B-00C04F79EFBC}") = "UnityVS.BeforeLegends.CSharp.Editor", "UnityVS.BeforeLegends.CSharp.Editor.csproj", "{ED10AB63-164B-113F-58FA-7271F9B5CB9C}"
EndProject
Global
	GlobalSection(SolutionConfigurationPlatforms) = preSolution
		Debug|Any CPU = Debug|Any CPU
		Release|Any CPU = Release|Any CPU
	EndGlobalSection
	GlobalSection(ProjectConfigurationPlatforms) = postSolution
		{633C9E67-6C09-24DF-2ED2-90276471EA62}.Debug|Any CPU.ActiveCfg = Debug|Any CPU
		{633C9E67-6C09-24DF-2ED2-90276471EA62}.Debug|Any CPU.Build.0 = Debug|Any CPU
		{633C9E67-6C09-24DF-2ED2-90276471EA62}.Release|Any CPU.ActiveCfg = Release|Any CPU
		{633C9E67-6C09-24DF-2ED2-90276471EA62}.Release|Any CPU.Build.0 = Release|Any CPU
		{E4BDB8BA-05EF-8ED2-004B-06B1103D0039}.Debug|Any CPU.ActiveCfg = Debug|Any CPU
		{E4BDB8BA-05EF-8ED2-004B-06B1103D0039}.Debug|Any CPU.Build.0 = Debug|Any CPU
		{E4BDB8BA-05EF-8ED2-004B-06B1103D0039}.Release|Any CPU.ActiveCfg = Release|Any CPU
		{E4BDB8BA-05EF-8ED2-004B-06B1103D0039}.Release|Any CPU.Build.0 = Release|Any CPU
		{ED10AB63-164B-113F-58FA-7271F9B5CB9C}.Debug|Any CPU.ActiveCfg = Debug|Any CPU
		{ED10AB63-164B-113F-58FA-7271F9B5CB9C}.Debug|Any CPU.Build.0 = Debug|Any CPU
		{ED10AB63-164B-113F-58FA-7271F9B5CB9C}.Release|Any CPU.ActiveCfg = Release|Any CPU
		{ED10AB63-164B-113F-58FA-7271F9B5CB9C}.Release|Any CPU.Build.0 = Release|Any CPU
	EndGlobalSection
	GlobalSection(SolutionProperties) = preSolution
		HideSolutionNode = FALSE
	EndGlobalSection
EndGlobal
